github.com/hirs-500/bank v0.0.0-20200924111030-b0adfd54f881 h1:+kum0Sf/ZZj4ffStlwNTjOHJ0PvIvtYZy8l1bxIQV0U=
github.com/hirs-500/bank v0.0.0-20200924111030-b0adfd54f881/go.mod h1:RlzJaAw1bfwY0oPiF3WFUBa9cUJnnt9N7GUy6ikmF7s=
github.com/hirs-500/bank v0.0.0-20200924114753-e3ee139a2a5d h1:WTw5u77rRWEeqlj30F3Ti4QU6iQeWoWY+bRpNjO9L1g=
github.com/hirs-500/bank v0.0.0-20200924114753-e3ee139a2a5d/go.mod h1:RlzJaAw1bfwY0oPiF3WFUBa9cUJnnt9N7GUy6ikmF7s=
